// !$*UTF8*$!
{
	archiveVersion = 1;
	classes = {
	};
	objectVersion = 46;
	objects = {

/* Begin PBXBuildFile section */
		59534C0D1E6D6375003DAD6C /* AppDelegate.swift in Sources */ = {isa = PBXBuildFile; fileRef = 59534C0C1E6D6375003DAD6C /* AppDelegate.swift */; };
		59534C0F1E6D6375003DAD6C /* ViewController.swift in Sources */ = {isa = PBXBuildFile; fileRef = 59534C0E1E6D6375003DAD6C /* ViewController.swift */; };
		59534C121E6D6375003DAD6C /* Main.storyboard in Resources */ = {isa = PBXBuildFile; fileRef = 59534C101E6D6375003DAD6C /* Main.storyboard */; };
		59534C141E6D6375003DAD6C /* Assets.xcassets in Resources */ = {isa = PBXBuildFile; fileRef = 59534C131E6D6375003DAD6C /* Assets.xcassets */; };
		59534C171E6D6375003DAD6C /* LaunchScreen.storyboard in Resources */ = {isa = PBXBuildFile; fileRef = 59534C151E6D6375003DAD6C /* LaunchScreen.storyboard */; };
		59534C221E6D6376003DAD6C /* Swift_CollapsibleTableSectionTests.swift in Sources */ = {isa = PBXBuildFile; fileRef = 59534C211E6D6376003DAD6C /* Swift_CollapsibleTableSectionTests.swift */; };
		59534C2D1E6D6376003DAD6C /* Swift_CollapsibleTableSectionUITests.swift in Sources */ = {isa = PBXBuildFile; fileRef = 59534C2C1E6D6376003DAD6C /* Swift_CollapsibleTableSectionUITests.swift */; };
		C39DAD461E6D8F3A00984B31 /* ColapsibleTableHeaderFooterView.swift in Sources */ = {isa = PBXBuildFile; fileRef = C39DAD451E6D8F3A00984B31 /* ColapsibleTableHeaderFooterView.swift */; };
		C39DAD481E6D92FE00984B31 /* Extensions.swift in Sources */ = {isa = PBXBuildFile; fileRef = C39DAD471E6D92FE00984B31 /* Extensions.swift */; };
/* End PBXBuildFile section */

/* Begin PBXContainerItemProxy section */
		59534C1E1E6D6376003DAD6C /* PBXContainerItemProxy */ = {
			isa = PBXContainerItemProxy;
			containerPortal = 59534C011E6D6375003DAD6C /* Project object */;
			proxyType = 1;
			remoteGlobalIDString = 59534C081E6D6375003DAD6C;
			remoteInfo = "Swift-CollapsibleTableSection";
		};
		59534C291E6D6376003DAD6C /* PBXContainerItemProxy */ = {
			isa = PBXContainerItemProxy;
			containerPortal = 59534C011E6D6375003DAD6C /* Project object */;
			proxyType = 1;
			remoteGlobalIDString = 59534C081E6D6375003DAD6C;
			remoteInfo = "Swift-CollapsibleTableSection";
		};
/* End PBXContainerItemProxy section */

/* Begin PBXFileReference section */
		59534C091E6D6375003DAD6C /* Swift-CollapsibleTableSection.app */ = {isa = PBXFileReference; explicitFileType = wrapper.application; includeInIndex = 0; path = "Swift-CollapsibleTableSection.app"; sourceTree = BUILT_PRODUCTS_DIR; };
		59534C0C1E6D6375003DAD6C /* AppDelegate.swift */ = {isa = PBXFileReference; lastKnownFileType = sourcecode.swift; path = AppDelegate.swift; sourceTree = "<group>"; };
		59534C0E1E6D6375003DAD6C /* ViewController.swift */ = {isa = PBXFileReference; lastKnownFileType = sourcecode.swift; path = ViewController.swift; sourceTree = "<group>"; };
		59534C111E6D6375003DAD6C /* Base */ = {isa = PBXFileReference; lastKnownFileType = file.storyboard; name = Base; path = Base.lproj/Main.storyboard; sourceTree = "<group>"; };
		59534C131E6D6375003DAD6C /* Assets.xcassets */ = {isa = PBXFileReference; lastKnownFileType = folder.assetcatalog; path = Assets.xcassets; sourceTree = "<group>"; };
		59534C161E6D6375003DAD6C /* Base */ = {isa = PBXFileReference; lastKnownFileType = file.storyboard; name = Base; path = Base.lproj/LaunchScreen.storyboard; sourceTree = "<group>"; };
		59534C181E6D6375003DAD6C /* Info.plist */ = {isa = PBXFileReference; lastKnownFileType = text.plist.xml; path = Info.plist; sourceTree = "<group>"; };
		59534C1D1E6D6376003DAD6C /* Swift-CollapsibleTableSectionTests.xctest */ = {isa = PBXFileReference; explicitFileType = wrapper.cfbundle; includeInIndex = 0; path = "Swift-CollapsibleTableSectionTests.xctest"; sourceTree = BUILT_PRODUCTS_DIR; };
		59534C211E6D6376003DAD6C /* Swift_CollapsibleTableSectionTests.swift */ = {isa = PBXFileReference; lastKnownFileType = sourcecode.swift; path = Swift_CollapsibleTableSectionTests.swift; sourceTree = "<group>"; };
		59534C231E6D6376003DAD6C /* Info.plist */ = {isa = PBXFileReference; lastKnownFileType = text.plist.xml; path = Info.plist; sourceTree = "<group>"; };
		59534C281E6D6376003DAD6C /* Swift-CollapsibleTableSectionUITests.xctest */ = {isa = PBXFileReference; explicitFileType = wrapper.cfbundle; includeInIndex = 0; path = "Swift-CollapsibleTableSectionUITests.xctest"; sourceTree = BUILT_PRODUCTS_DIR; };
		59534C2C1E6D6376003DAD6C /* Swift_CollapsibleTableSectionUITests.swift */ = {isa = PBXFileReference; lastKnownFileType = sourcecode.swift; path = Swift_CollapsibleTableSectionUITests.swift; sourceTree = "<group>"; };
		59534C2E1E6D6376003DAD6C /* Info.plist */ = {isa = PBXFileReference; lastKnownFileType = text.plist.xml; path = Info.plist; sourceTree = "<group>"; };
		C39DAD451E6D8F3A00984B31 /* ColapsibleTableHeaderFooterView.swift */ = {isa = PBXFileReference; fileEncoding = 4; lastKnownFileType = sourcecode.swift; path = ColapsibleTableHeaderFooterView.swift; sourceTree = "<group>"; };
		C39DAD471E6D92FE00984B31 /* Extensions.swift */ = {isa = PBXFileReference; fileEncoding = 4; lastKnownFileType = sourcecode.swift; path = Extensions.swift; sourceTree = "<group>"; };
/* End PBXFileReference section */

/* Begin PBXFrameworksBuildPhase section */
		59534C061E6D6375003DAD6C /* Frameworks */ = {
			isa = PBXFrameworksBuildPhase;
			buildActionMask = 2147483647;
			files = (
			);
			runOnlyForDeploymentPostprocessing = 0;
		};
		59534C1A1E6D6376003DAD6C /* Frameworks */ = {
			isa = PBXFrameworksBuildPhase;
			buildActionMask = 2147483647;
			files = (
			);
			runOnlyForDeploymentPostprocessing = 0;
		};
		59534C251E6D6376003DAD6C /* Frameworks */ = {
			isa = PBXFrameworksBuildPhase;
			buildActionMask = 2147483647;
			files = (
			);
			runOnlyForDeploymentPostprocessing = 0;
		};
/* End PBXFrameworksBuildPhase section */

/* Begin PBXGroup section */
		59534C001E6D6375003DAD6C = {
			isa = PBXGroup;
			children = (
				59534C0B1E6D6375003DAD6C /* Swift-CollapsibleTableSection */,
				59534C201E6D6376003DAD6C /* Swift-CollapsibleTableSectionTests */,
				59534C2B1E6D6376003DAD6C /* Swift-CollapsibleTableSectionUITests */,
				59534C0A1E6D6375003DAD6C /* Products */,
			);
			sourceTree = "<group>";
		};
		59534C0A1E6D6375003DAD6C /* Products */ = {
			isa = PBXGroup;
			children = (
				59534C091E6D6375003DAD6C /* Swift-CollapsibleTableSection.app */,
				59534C1D1E6D6376003DAD6C /* Swift-CollapsibleTableSectionTests.xctest */,
				59534C281E6D6376003DAD6C /* Swift-CollapsibleTableSectionUITests.xctest */,
			);
			name = Products;
			sourceTree = "<group>";
		};
		59534C0B1E6D6375003DAD6C /* Swift-CollapsibleTableSection */ = {
			isa = PBXGroup;
			children = (
				59534C0C1E6D6375003DAD6C /* AppDelegate.swift */,
				59534C0E1E6D6375003DAD6C /* ViewController.swift */,
				59534C101E6D6375003DAD6C /* Main.storyboard */,
				59534C131E6D6375003DAD6C /* Assets.xcassets */,
				59534C151E6D6375003DAD6C /* LaunchScreen.storyboard */,
				59534C181E6D6375003DAD6C /* Info.plist */,
				C39DAD451E6D8F3A00984B31 /* ColapsibleTableHeaderFooterView.swift */,
				C39DAD471E6D92FE00984B31 /* Extensions.swift */,
			);
			path = "Swift-CollapsibleTableSection";
			sourceTree = "<group>";
		};
		59534C201E6D6376003DAD6C /* Swift-CollapsibleTableSectionTests */ = {
			isa = PBXGroup;
			children = (
				59534C211E6D6376003DAD6C /* Swift_CollapsibleTableSectionTests.swift */,
				59534C231E6D6376003DAD6C /* Info.plist */,
			);
			path = "Swift-CollapsibleTableSectionTests";
			sourceTree = "<group>";
		};
		59534C2B1E6D6376003DAD6C /* Swift-CollapsibleTableSectionUITests */ = {
			isa = PBXGroup;
			children = (
				59534C2C1E6D6376003DAD6C /* Swift_CollapsibleTableSectionUITests.swift */,
				59534C2E1E6D6376003DAD6C /* Info.plist */,
			);
			path = "Swift-CollapsibleTableSectionUITests";
			sourceTree = "<group>";
		};
/* End PBXGroup section */

/* Begin PBXNativeTarget section */
		59534C081E6D6375003DAD6C /* Swift-CollapsibleTableSection */ = {
			isa = PBXNativeTarget;
			buildConfigurationList = 59534C311E6D6376003DAD6C /* Build configuration list for PBXNativeTarget "Swift-CollapsibleTableSection" */;
			buildPhases = (
				59534C051E6D6375003DAD6C /* Sources */,
				59534C061E6D6375003DAD6C /* Frameworks */,
				59534C071E6D6375003DAD6C /* Resources */,
			);
			buildRules = (
			);
			dependencies = (
			);
			name = "Swift-CollapsibleTableSection";
			productName = "Swift-CollapsibleTableSection";
			productReference = 59534C091E6D6375003DAD6C /* Swift-CollapsibleTableSection.app */;
			productType = "com.apple.product-type.application";
		};
		59534C1C1E6D6376003DAD6C /* Swift-CollapsibleTableSectionTests */ = {
			isa = PBXNativeTarget;
			buildConfigurationList = 59534C341E6D6376003DAD6C /* Build configuration list for PBXNativeTarget "Swift-CollapsibleTableSectionTests" */;
			buildPhases = (
				59534C191E6D6376003DAD6C /* Sources */,
				59534C1A1E6D6376003DAD6C /* Frameworks */,
				59534C1B1E6D6376003DAD6C /* Resources */,
			);
			buildRules = (
			);
			dependencies = (
				59534C1F1E6D6376003DAD6C /* PBXTargetDependency */,
			);
			name = "Swift-CollapsibleTableSectionTests";
			productName = "Swift-CollapsibleTableSectionTests";
			productReference = 59534C1D1E6D6376003DAD6C /* Swift-CollapsibleTableSectionTests.xctest */;
			productType = "com.apple.product-type.bundle.unit-test";
		};
		59534C271E6D6376003DAD6C /* Swift-CollapsibleTableSectionUITests */ = {
			isa = PBXNativeTarget;
			buildConfigurationList = 59534C371E6D6376003DAD6C /* Build configuration list for PBXNativeTarget "Swift-CollapsibleTableSectionUITests" */;
			buildPhases = (
				59534C241E6D6376003DAD6C /* Sources */,
				59534C251E6D6376003DAD6C /* Frameworks */,
				59534C261E6D6376003DAD6C /* Resources */,
			);
			buildRules = (
			);
			dependencies = (
				59534C2A1E6D6376003DAD6C /* PBXTargetDependency */,
			);
			name = "Swift-CollapsibleTableSectionUITests";
			productName = "Swift-CollapsibleTableSectionUITests";
			productReference = 59534C281E6D6376003DAD6C /* Swift-CollapsibleTableSectionUITests.xctest */;
			productType = "com.apple.product-type.bundle.ui-testing";
		};
/* End PBXNativeTarget section */

/* Begin PBXProject section */
		59534C011E6D6375003DAD6C /* Project object */ = {
			isa = PBXProject;
			attributes = {
				LastSwiftUpdateCheck = 0810;
				LastUpgradeCheck = 0810;
				ORGANIZATIONNAME = Rookie.YXiang;
				TargetAttributes = {
					59534C081E6D6375003DAD6C = {
						CreatedOnToolsVersion = 8.1;
						ProvisioningStyle = Automatic;
					};
					59534C1C1E6D6376003DAD6C = {
						CreatedOnToolsVersion = 8.1;
						ProvisioningStyle = Automatic;
						TestTargetID = 59534C081E6D6375003DAD6C;
					};
					59534C271E6D6376003DAD6C = {
						CreatedOnToolsVersion = 8.1;
						ProvisioningStyle = Automatic;
						TestTargetID = 59534C081E6D6375003DAD6C;
					};
				};
			};
			buildConfigurationList = 59534C041E6D6375003DAD6C /* Build configuration list for PBXProject "Swift-CollapsibleTableSection" */;
			compatibilityVersion = "Xcode 3.2";
			developmentRegion = English;
			hasScannedForEncodings = 0;
			knownRegions = (
				en,
				Base,
			);
			mainGroup = 59534C001E6D6375003DAD6C;
			productRefGroup = 59534C0A1E6D6375003DAD6C /* Products */;
			projectDirPath = "";
			projectRoot = "";
			targets = (
				59534C081E6D6375003DAD6C /* Swift-CollapsibleTableSection */,
				59534C1C1E6D6376003DAD6C /* Swift-CollapsibleTableSectionTests */,
				59534C271E6D6376003DAD6C /* Swift-CollapsibleTableSectionUITests */,
			);
		};
/* End PBXProject section */

/* Begin PBXResourcesBuildPhase section */
		59534C071E6D6375003DAD6C /* Resources */ = {
			isa = PBXResourcesBuildPhase;
			buildActionMask = 2147483647;
			files = (
				59534C171E6D6375003DAD6C /* LaunchScreen.storyboard in Resources */,
				59534C141E6D6375003DAD6C /* Assets.xcassets in Resources */,
				59534C121E6D6375003DAD6C /* Main.storyboard in Resources */,
			);
			runOnlyForDeploymentPostprocessing = 0;
		};
		59534C1B1E6D6376003DAD6C /* Resources */ = {
			isa = PBXResourcesBuildPhase;
			buildActionMask = 2147483647;
			files = (
			);
			runOnlyForDeploymentPostprocessing = 0;
		};
		59534C261E6D6376003DAD6C /* Resources */ = {
			isa = PBXResourcesBuildPhase;
			buildActionMask = 2147483647;
			files = (
			);
			runOnlyForDeploymentPostprocessing = 0;
		};
/* End PBXResourcesBuildPhase section */

/* Begin PBXSourcesBuildPhase section */
		59534C051E6D6375003DAD6C /* Sources */ = {
			isa = PBXSourcesBuildPhase;
			buildActionMask = 2147483647;
			files = (
				59534C0F1E6D6375003DAD6C /* ViewController.swift in Sources */,
				59534C0D1E6D6375003DAD6C /* AppDelegate.swift in Sources */,
				C39DAD461E6D8F3A00984B31 /* ColapsibleTableHeaderFooterView.swift in Sources */,
				C39DAD481E6D92FE00984B31 /* Extensions.swift in Sources */,
			);
			runOnlyForDeploymentPostprocessing = 0;
		};
		59534C191E6D6376003DAD6C /* Sources */ = {
			isa = PBXSourcesBuildPhase;
			buildActionMask = 2147483647;
			files = (
				59534C221E6D6376003DAD6C /* Swift_CollapsibleTableSectionTests.swift in Sources */,
			);
			runOnlyForDeploymentPostprocessing = 0;
		};
		59534C241E6D6376003DAD6C /* Sources */ = {
			isa = PBXSourcesBuildPhase;
			buildActionMask = 2147483647;
			files = (
				59534C2D1E6D6376003DAD6C /* Swift_CollapsibleTableSectionUITests.swift in Sources */,
			);
			runOnlyForDeploymentPostprocessing = 0;
		};
/* End PBXSourcesBuildPhase section */

/* Begin PBXTargetDependency section */
		59534C1F1E6D6376003DAD6C /* PBXTargetDependency */ = {
			isa = PBXTargetDependency;
			target = 59534C081E6D6375003DAD6C /* Swift-CollapsibleTableSection */;
			targetProxy = 59534C1E1E6D6376003DAD6C /* PBXContainerItemProxy */;
		};
		59534C2A1E6D6376003DAD6C /* PBXTargetDependency */ = {
			isa = PBXTargetDependency;
			target = 59534C081E6D6375003DAD6C /* Swift-CollapsibleTableSection */;
			targetProxy = 59534C291E6D6376003DAD6C /* PBXContainerItemProxy */;
		};
/* End PBXTargetDependency section */

/* Begin PBXVariantGroup section */
		59534C101E6D6375003DAD6C /* Main.storyboard */ = {
			isa = PBXVariantGroup;
			children = (
				59534C111E6D6375003DAD6C /* Base */,
			);
			name = Main.storyboard;
			sourceTree = "<group>";
		};
		59534C151E6D6375003DAD6C /* LaunchScreen.storyboard */ = {
			isa = PBXVariantGroup;
			children = (
				59534C161E6D6375003DAD6C /* Base */,
			);
			name = LaunchScreen.storyboard;
			sourceTree = "<group>";
		};
/* End PBXVariantGroup section */

/* Begin XCBuildConfiguration section */
		59534C2F1E6D6376003DAD6C /* Debug */ = {
			isa = XCBuildConfiguration;
			buildSettings = {
				ALWAYS_SEARCH_USER_PATHS = NO;
				CLANG_ANALYZER_NONNULL = YES;
				CLANG_CXX_LANGUAGE_STANDARD = "gnu++0x";
				CLANG_CXX_LIBRARY = "libc++";
				CLANG_ENABLE_MODULES = YES;
				CLANG_ENABLE_OBJC_ARC = YES;
				CLANG_WARN_BOOL_CONVERSION = YES;
				CLANG_WARN_CONSTANT_CONVERSION = YES;
				CLANG_WARN_DIRECT_OBJC_ISA_USAGE = YES_ERROR;
				CLANG_WARN_DOCUMENTATION_COMMENTS = YES;
				CLANG_WARN_EMPTY_BODY = YES;
				CLANG_WARN_ENUM_CONVERSION = YES;
				CLANG_WARN_INFINITE_RECURSION = YES;
				CLANG_WARN_INT_CONVERSION = YES;
				CLANG_WARN_OBJC_ROOT_CLASS = YES_ERROR;
				CLANG_WARN_SUSPICIOUS_MOVES = YES;
				CLANG_WARN_UNREACHABLE_CODE = YES;
				CLANG_WARN__DUPLICATE_METHOD_MATCH = YES;
				"CODE_SIGN_IDENTITY[sdk=iphoneos*]" = "iPhone Developer";
				COPY_PHASE_STRIP = NO;
				DEBUG_INFORMATION_FORMAT = dwarf;
				ENABLE_STRICT_OBJC_MSGSEND = YES;
				ENABLE_TESTABILITY = YES;
				GCC_C_LANGUAGE_STANDARD = gnu99;
				GCC_DYNAMIC_NO_PIC = NO;
				GCC_NO_COMMON_BLOCKS = YES;
				GCC_OPTIMIZATION_LEVEL = 0;
				GCC_PREPROCESSOR_DEFINITIONS = (
					"DEBUG=1",
					"$(inherited)",
				);
				GCC_WARN_64_TO_32_BIT_CONVERSION = YES;
				GCC_WARN_ABOUT_RETURN_TYPE = YES_ERROR;
				GCC_WARN_UNDECLARED_SELECTOR = YES;
				GCC_WARN_UNINITIALIZED_AUTOS = YES_AGGRESSIVE;
				GCC_WARN_UNUSED_FUNCTION = YES;
				GCC_WARN_UNUSED_VARIABLE = YES;
				IPHONEOS_DEPLOYMENT_TARGET = 10.1;
				MTL_ENABLE_DEBUG_INFO = YES;
				ONLY_ACTIVE_ARCH = YES;
				SDKROOT = iphoneos;
				SWIFT_ACTIVE_COMPILATION_CONDITIONS = DEBUG;
				SWIFT_OPTIMIZATION_LEVEL = "-Onone";
			};
			name = Debug;
		};
		59534C301E6D6376003DAD6C /* Release */ = {
			isa = XCBuildConfiguration;
			buildSettings = {
				ALWAYS_SEARCH_USER_PATHS = NO;
				CLANG_ANALYZER_NONNULL = YES;
				CLANG_CXX_LANGUAGE_STANDARD = "gnu++0x";
				CLANG_CXX_LIBRARY = "libc++";
				CLANG_ENABLE_MODULES = YES;
				CLANG_ENABLE_OBJC_ARC = YES;
				CLANG_WARN_BOOL_CONVERSION = YES;
				CLANG_WARN_CONSTANT_CONVERSION = YES;
				CLANG_WARN_DIRECT_OBJC_ISA_USAGE = YES_ERROR;
				CLANG_WARN_DOCUMENTATION_COMMENTS = YES;
				CLANG_WARN_EMPTY_BODY = YES;
				CLANG_WARN_ENUM_CONVERSION = YES;
				CLANG_WARN_INFINITE_RECURSION = YES;
				CLANG_WARN_INT_CONVERSION = YES;
				CLANG_WARN_OBJC_ROOT_CLASS = YES_ERROR;
				CLANG_WARN_SUSPICIOUS_MOVES = YES;
				CLANG_WARN_UNREACHABLE_CODE = YES;
				CLANG_WARN__DUPLICATE_METHOD_MATCH = YES;
				"CODE_SIGN_IDENTITY[sdk=iphoneos*]" = "iPhone Developer";
				COPY_PHASE_STRIP = NO;
				DEBUG_INFORMATION_FORMAT = "dwarf-with-dsym";
				ENABLE_NS_ASSERTIONS = NO;
				ENABLE_STRICT_OBJC_MSGSEND = YES;
				GCC_C_LANGUAGE_STANDARD = gnu99;
				GCC_NO_COMMON_BLOCKS = YES;
				GCC_WARN_64_TO_32_BIT_CONVERSION = YES;
				GCC_WARN_ABOUT_RETURN_TYPE = YES_ERROR;
				GCC_WARN_UNDECLARED_SELECTOR = YES;
				GCC_WARN_UNINITIALIZED_AUTOS = YES_AGGRESSIVE;
				GCC_WARN_UNUSED_FUNCTION = YES;
				GCC_WARN_UNUSED_VARIABLE = YES;
				IPHONEOS_DEPLOYMENT_TARGET = 10.1;
				MTL_ENABLE_DEBUG_INFO = NO;
				SDKROOT = iphoneos;
				SWIFT_OPTIMIZATION_LEVEL = "-Owholemodule";
				VALIDATE_PRODUCT = YES;
			};
			name = Release;
		};
		59534C321E6D6376003DAD6C /* Debug */ = {
			isa = XCBuildConfiguration;
			buildSettings = {
				ASSETCATALOG_COMPILER_APPICON_NAME = AppIcon;
				INFOPLIST_FILE = "Swift-CollapsibleTableSection/Info.plist";
				LD_RUNPATH_SEARCH_PATHS = "$(inherited) @executable_path/Frameworks";
				PRODUCT_BUNDLE_IDENTIFIER = "Rookie.YXiang.Swift-CollapsibleTableSection";
				PRODUCT_NAME = "$(TARGET_NAME)";
				SWIFT_VERSION = 3.0;
			};
			name = Debug;
		};
		59534C331E6D6376003DAD6C /* Release */ = {
			isa = XCBuildConfiguration;
			buildSettings = {
				ASSETCATALOG_COMPILER_APPICON_NAME = AppIcon;
				INFOPLIST_FILE = "Swift-CollapsibleTableSection/Info.plist";
				LD_RUNPATH_SEARCH_PATHS = "$(inherited) @executable_path/Frameworks";
				PRODUCT_BUNDLE_IDENTIFIER = "Rookie.YXiang.Swift-CollapsibleTableSection";
				PRODUCT_NAME = "$(TARGET_NAME)";
				SWIFT_VERSION = 3.0;
			};
			name = Release;
		};
		59534C351E6D6376003DAD6C /* Debug */ = {
			isa = XCBuildConfiguration;
			buildSettings = {
				ALWAYS_EMBED_SWIFT_STANDARD_LIBRARIES = YES;
				BUNDLE_LOADER = "$(TEST_HOST)";
				INFOPLIST_FILE = "Swift-CollapsibleTableSectionTests/Info.plist";
				LD_RUNPATH_SEARCH_PATHS = "$(inherited) @executable_path/Frameworks @loader_path/Frameworks";
				PRODUCT_BUNDLE_IDENTIFIER = "Rookie.YXiang.Swift-CollapsibleTableSectionTests";
				PRODUCT_NAME = "$(TARGET_NAME)";
				SWIFT_VERSION = 3.0;
				TEST_HOST = "$(BUILT_PRODUCTS_DIR)/Swift-CollapsibleTableSection.app/Swift-CollapsibleTableSection";
			};
			name = Debug;
		};
		59534C361E6D6376003DAD6C /* Release */ = {
			isa = XCBuildConfiguration;
			buildSettings = {
				ALWAYS_EMBED_SWIFT_STANDARD_LIBRARIES = YES;
				BUNDLE_LOADER = "$(TEST_HOST)";
				INFOPLIST_FILE = "Swift-CollapsibleTableSectionTests/Info.plist";
				LD_RUNPATH_SEARCH_PATHS = "$(inherited) @executable_path/Frameworks @loader_path/Frameworks";
				PRODUCT_BUNDLE_IDENTIFIER = "Rookie.YXiang.Swift-CollapsibleTableSectionTests";
				PRODUCT_NAME = "$(TARGET_NAME)";
				SWIFT_VERSION = 3.0;
				TEST_HOST = "$(BUILT_PRODUCTS_DIR)/Swift-CollapsibleTableSection.app/Swift-CollapsibleTableSection";
			};
			name = Release;
		};
		59534C381E6D6376003DAD6C /* Debug */ = {
			isa = XCBuildConfiguration;
			buildSettings = {
				ALWAYS_EMBED_SWIFT_STANDARD_LIBRARIES = YES;
				INFOPLIST_FILE = "Swift-CollapsibleTableSectionUITests/Info.plist";
				LD_RUNPATH_SEARCH_PATHS = "$(inherited) @executable_path/Frameworks @loader_path/Frameworks";
				PRODUCT_BUNDLE_IDENTIFIER = "Rookie.YXiang.Swift-CollapsibleTableSectionUITests";
				PRODUCT_NAME = "$(TARGET_NAME)";
				SWIFT_VERSION = 3.0;
				TEST_TARGET_NAME = "Swift-CollapsibleTableSection";
			};
			name = Debug;
		};
		59534C391E6D6376003DAD6C /* Release */ = {
			isa = XCBuildConfiguration;
			buildSettings = {
				ALWAYS_EMBED_SWIFT_STANDARD_LIBRARIES = YES;
				INFOPLIST_FILE = "Swift-CollapsibleTableSectionUITests/Info.plist";
				LD_RUNPATH_SEARCH_PATHS = "$(inherited) @executable_path/Frameworks @loader_path/Frameworks";
				PRODUCT_BUNDLE_IDENTIFIER = "Rookie.YXiang.Swift-CollapsibleTableSectionUITests";
				PRODUCT_NAME = "$(TARGET_NAME)";
				SWIFT_VERSION = 3.0;
				TEST_TARGET_NAME = "Swift-CollapsibleTableSection";
			};
			name = Release;
		};
/* End XCBuildConfiguration section */

/* Begin XCConfigurationList section */
		59534C041E6D6375003DAD6C /* Build configuration list for PBXProject "Swift-CollapsibleTableSection" */ = {
			isa = XCConfigurationList;
			buildConfigurations = (
				59534C2F1E6D6376003DAD6C /* Debug */,
				59534C301E6D6376003DAD6C /* Release */,
			);
			defaultConfigurationIsVisible = 0;
			defaultConfigurationName = Release;
		};
		59534C311E6D6376003DAD6C /* Build configuration list for PBXNativeTarget "Swift-CollapsibleTableSection" */ = {
			isa = XCConfigurationList;
			buildConfigurations = (
				59534C321E6D6376003DAD6C /* Debug */,
				59534C331E6D6376003DAD6C /* Release */,
			);
			defaultConfigurationIsVisible = 0;
			defaultConfigurationName = Release;
		};
		59534C341E6D6376003DAD6C /* Build configuration list for PBXNativeTarget "Swift-CollapsibleTableSectionTests" */ = {
			isa = XCConfigurationList;
			buildConfigurations = (
				59534C351E6D6376003DAD6C /* Debug */,
				59534C361E6D6376003DAD6C /* Release */,
			);
			defaultConfigurationIsVisible = 0;
			defaultConfigurationName = Release;
		};
		59534C371E6D6376003DAD6C /* Build configuration list for PBXNativeTarget "Swift-CollapsibleTableSectionUITests" */ = {
			isa = XCConfigurationList;
			buildConfigurations = (
				59534C381E6D6376003DAD6C /* Debug */,
				59534C391E6D6376003DAD6C /* Release */,
			);
			defaultConfigurationIsVisible = 0;
			defaultConfigurationName = Release;
		};
/* End XCConfigurationList section */
	};
	rootObject = 59534C011E6D6375003DAD6C /* Project object */;
}
